
Microsoft Visual Studio Solution File, Format Version 12.00
# Visual Studio 15
Project("{FAE04EC0-301F-11D3-BF4B-00C04F79EFBC}") = "CommandoAPI", "CommandoAPI.csproj", "{6F17AA67-2660-47EF-B577-61951BF5A330}"
EndProject
Global
	GlobalSection(SolutionConfigurationPlatforms) = preSolution
		Debug|Any CPU = Debug|Any CPU
		Release|Any CPU = Release|Any CPU
	EndGlobalSection
	GlobalSection(ProjectConfigurationPlatforms) = postSolution
		{6F17AA67-2660-47EF-B577-61951BF5A330}.Debug|Any CPU.ActiveCfg = Debug|Any CPU
		{6F17AA67-2660-47EF-B577-61951BF5A330}.Debug|Any CPU.Build.0 = Debug|Any CPU
		{6F17AA67-2660-47EF-B577-61951BF5A330}.Release|Any CPU.ActiveCfg = Release|Any CPU
		{6F17AA67-2660-47EF-B577-61951BF5A330}.Release|Any CPU.Build.0 = Release|Any CPU
	EndGlobalSection
EndGlobal
